
Microsoft Visual Studio Solution File, Format Version 9.00
# Visual Studio 2005
Project("{8BC9CEB8-8B4A-11D0-8D11-00A0C91BC942}") = "dll", "dll\dll.vcproj", "{9AAA3D17-FE9B-4CE8-B79F-757C1ACAF31F}"
EndProject
Project("{8BC9CEB8-8B4A-11D0-8D11-00A0C91BC942}") = "demo", "demo\demo.vcproj", "{48C9B603-6B2B-4B07-9554-6E0FA5183F18}"
EndProject
Project("{8BC9CEB8-8B4A-11D0-8D11-00A0C91BC942}") = "svc", "svc\svc.vcproj", "{D8F37991-4EE8-43F0-BFC7-3FCD7393D3BF}"
EndProject
Global
	GlobalSection(SolutionConfigurationPlatforms) = preSolution
		Debug|Win32 = Debug|Win32
		Release|Win32 = Release|Win32
	EndGlobalSection
	GlobalSection(ProjectConfigurationPlatforms) = postSolution
		{9AAA3D17-FE9B-4CE8-B79F-757C1ACAF31F}.Debug|Win32.ActiveCfg = Debug|Win32
		{9AAA3D17-FE9B-4CE8-B79F-757C1ACAF31F}.Debug|Win32.Build.0 = Debug|Win32
		{9AAA3D17-FE9B-4CE8-B79F-757C1ACAF31F}.Release|Win32.ActiveCfg = Release|Win32
		{9AAA3D17-FE9B-4CE8-B79F-757C1ACAF31F}.Release|Win32.Build.0 = Release|Win32
		{48C9B603-6B2B-4B07-9554-6E0FA5183F18}.Debug|Win32.ActiveCfg = Debug|Win32
		{48C9B603-6B2B-4B07-9554-6E0FA5183F18}.Debug|Win32.Build.0 = Debug|Win32
		{48C9B603-6B2B-4B07-9554-6E0FA5183F18}.Release|Win32.ActiveCfg = Release|Win32
		{48C9B603-6B2B-4B07-9554-6E0FA5183F18}.Release|Win32.Build.0 = Release|Win32
		{D8F37991-4EE8-43F0-BFC7-3FCD7393D3BF}.Debug|Win32.ActiveCfg = Debug|Win32
		{D8F37991-4EE8-43F0-BFC7-3FCD7393D3BF}.Debug|Win32.Build.0 = Debug|Win32
		{D8F37991-4EE8-43F0-BFC7-3FCD7393D3BF}.Release|Win32.ActiveCfg = Release|Win32
		{D8F37991-4EE8-43F0-BFC7-3FCD7393D3BF}.Release|Win32.Build.0 = Release|Win32
	EndGlobalSection
	GlobalSection(SolutionProperties) = preSolution
		HideSolutionNode = FALSE
	EndGlobalSection
EndGlobal
