
Microsoft Visual Studio Solution File, Format Version 10.00
# Visual Studio 2008
Project("{8BC9CEB8-8B4A-11D0-8D11-00A0C91BC942}") = "gdimm", "gdimm\gdimm.vcproj", "{56A076C4-6050-4EAC-B84E-56B0B79A4041}"
	ProjectSection(ProjectDependencies) = postProject
		{D8742C31-15F3-4452-AF09-79F97277003A} = {D8742C31-15F3-4452-AF09-79F97277003A}
		{78B079BD-9FC7-4B9E-B4A6-96DA0F00248B} = {78B079BD-9FC7-4B9E-B4A6-96DA0F00248B}
	EndProjectSection
EndProject
Project("{8BC9CEB8-8B4A-11D0-8D11-00A0C91BC942}") = "freetype", "freetype\builds\win32\vc2008\freetype.vcproj", "{78B079BD-9FC7-4B9E-B4A6-96DA0F00248B}"
EndProject
Project("{8BC9CEB8-8B4A-11D0-8D11-00A0C91BC942}") = "gdipp_svc", "gdipp_svc\gdipp_svc.vcproj", "{D8F37991-4EE8-43F0-BFC7-3FCD7393D3BF}"
	ProjectSection(ProjectDependencies) = postProject
		{D8742C31-15F3-4452-AF09-79F97277003A} = {D8742C31-15F3-4452-AF09-79F97277003A}
		{56A076C4-6050-4EAC-B84E-56B0B79A4041} = {56A076C4-6050-4EAC-B84E-56B0B79A4041}
	EndProjectSection
EndProject
Project("{8BC9CEB8-8B4A-11D0-8D11-00A0C91BC942}") = "gdipp_demo", "gdipp_demo\gdipp_demo.vcproj", "{BA4DBF79-1ABB-423B-9E1D-9233A57279C2}"
	ProjectSection(ProjectDependencies) = postProject
		{56A076C4-6050-4EAC-B84E-56B0B79A4041} = {56A076C4-6050-4EAC-B84E-56B0B79A4041}
	EndProjectSection
EndProject
Project("{8BC9CEB8-8B4A-11D0-8D11-00A0C91BC942}") = "gdipp_loader", "gdipp_loader\gdipp_loader.vcproj", "{00ABAE01-5040-4BB0-A3E5-03EACF768F6D}"
	ProjectSection(ProjectDependencies) = postProject
		{56A076C4-6050-4EAC-B84E-56B0B79A4041} = {56A076C4-6050-4EAC-B84E-56B0B79A4041}
	EndProjectSection
EndProject
Project("{8BC9CEB8-8B4A-11D0-8D11-00A0C91BC942}") = "pugixml", "pugixml\src\pugixml.vcproj", "{D8742C31-15F3-4452-AF09-79F97277003A}"
EndProject
Project("{930C7802-8A8C-48F9-8165-68863BCCD9DD}") = "installer_32_en-us", "installer\installer_32_en-us.wixproj", "{C777953B-F65D-44AD-9226-0DFA5306D0F9}"
	ProjectSection(ProjectDependencies) = postProject
		{00ABAE01-5040-4BB0-A3E5-03EACF768F6D} = {00ABAE01-5040-4BB0-A3E5-03EACF768F6D}
		{BA4DBF79-1ABB-423B-9E1D-9233A57279C2} = {BA4DBF79-1ABB-423B-9E1D-9233A57279C2}
		{D8F37991-4EE8-43F0-BFC7-3FCD7393D3BF} = {D8F37991-4EE8-43F0-BFC7-3FCD7393D3BF}
		{56A076C4-6050-4EAC-B84E-56B0B79A4041} = {56A076C4-6050-4EAC-B84E-56B0B79A4041}
	EndProjectSection
EndProject
Project("{930C7802-8A8C-48F9-8165-68863BCCD9DD}") = "installer_32_zh-cn", "installer\installer_32_zh-cn.wixproj", "{3B5E5201-C728-49BD-B48B-56900D0873AF}"
	ProjectSection(ProjectDependencies) = postProject
		{C777953B-F65D-44AD-9226-0DFA5306D0F9} = {C777953B-F65D-44AD-9226-0DFA5306D0F9}
	EndProjectSection
EndProject
Project("{930C7802-8A8C-48F9-8165-68863BCCD9DD}") = "installer_64_en-us", "installer\installer_64_en-us.wixproj", "{BBF93EFB-7B85-4445-AD11-DC81840329DE}"
	ProjectSection(ProjectDependencies) = postProject
		{00ABAE01-5040-4BB0-A3E5-03EACF768F6D} = {00ABAE01-5040-4BB0-A3E5-03EACF768F6D}
		{BA4DBF79-1ABB-423B-9E1D-9233A57279C2} = {BA4DBF79-1ABB-423B-9E1D-9233A57279C2}
		{D8F37991-4EE8-43F0-BFC7-3FCD7393D3BF} = {D8F37991-4EE8-43F0-BFC7-3FCD7393D3BF}
		{56A076C4-6050-4EAC-B84E-56B0B79A4041} = {56A076C4-6050-4EAC-B84E-56B0B79A4041}
	EndProjectSection
EndProject
Project("{930C7802-8A8C-48F9-8165-68863BCCD9DD}") = "installer_64_zh-cn", "installer\installer_64_zh-cn.wixproj", "{9E398FBD-7468-4BAE-B00A-FB3F380F28EC}"
	ProjectSection(ProjectDependencies) = postProject
		{BBF93EFB-7B85-4445-AD11-DC81840329DE} = {BBF93EFB-7B85-4445-AD11-DC81840329DE}
	EndProjectSection
EndProject
Global
	GlobalSection(SolutionConfigurationPlatforms) = preSolution
		Debug|Win32 = Debug|Win32
		Debug|x64 = Debug|x64
		Release|Win32 = Release|Win32
		Release|x64 = Release|x64
	EndGlobalSection
	GlobalSection(ProjectConfigurationPlatforms) = postSolution
		{56A076C4-6050-4EAC-B84E-56B0B79A4041}.Debug|Win32.ActiveCfg = Debug|Win32
		{56A076C4-6050-4EAC-B84E-56B0B79A4041}.Debug|Win32.Build.0 = Debug|Win32
		{56A076C4-6050-4EAC-B84E-56B0B79A4041}.Debug|x64.ActiveCfg = Debug|x64
		{56A076C4-6050-4EAC-B84E-56B0B79A4041}.Debug|x64.Build.0 = Debug|x64
		{56A076C4-6050-4EAC-B84E-56B0B79A4041}.Release|Win32.ActiveCfg = Release|Win32
		{56A076C4-6050-4EAC-B84E-56B0B79A4041}.Release|Win32.Build.0 = Release|Win32
		{56A076C4-6050-4EAC-B84E-56B0B79A4041}.Release|x64.ActiveCfg = Release|x64
		{56A076C4-6050-4EAC-B84E-56B0B79A4041}.Release|x64.Build.0 = Release|x64
		{78B079BD-9FC7-4B9E-B4A6-96DA0F00248B}.Debug|Win32.ActiveCfg = Debug|Win32
		{78B079BD-9FC7-4B9E-B4A6-96DA0F00248B}.Debug|Win32.Build.0 = Debug|Win32
		{78B079BD-9FC7-4B9E-B4A6-96DA0F00248B}.Debug|x64.ActiveCfg = Debug|x64
		{78B079BD-9FC7-4B9E-B4A6-96DA0F00248B}.Debug|x64.Build.0 = Debug|x64
		{78B079BD-9FC7-4B9E-B4A6-96DA0F00248B}.Release|Win32.ActiveCfg = Release|Win32
		{78B079BD-9FC7-4B9E-B4A6-96DA0F00248B}.Release|Win32.Build.0 = Release|Win32
		{78B079BD-9FC7-4B9E-B4A6-96DA0F00248B}.Release|x64.ActiveCfg = Release|x64
		{78B079BD-9FC7-4B9E-B4A6-96DA0F00248B}.Release|x64.Build.0 = Release|x64
		{D8F37991-4EE8-43F0-BFC7-3FCD7393D3BF}.Debug|Win32.ActiveCfg = Debug|Win32
		{D8F37991-4EE8-43F0-BFC7-3FCD7393D3BF}.Debug|Win32.Build.0 = Debug|Win32
		{D8F37991-4EE8-43F0-BFC7-3FCD7393D3BF}.Debug|x64.ActiveCfg = Debug|x64
		{D8F37991-4EE8-43F0-BFC7-3FCD7393D3BF}.Debug|x64.Build.0 = Debug|x64
		{D8F37991-4EE8-43F0-BFC7-3FCD7393D3BF}.Release|Win32.ActiveCfg = Release|Win32
		{D8F37991-4EE8-43F0-BFC7-3FCD7393D3BF}.Release|Win32.Build.0 = Release|Win32
		{D8F37991-4EE8-43F0-BFC7-3FCD7393D3BF}.Release|x64.ActiveCfg = Release|x64
		{D8F37991-4EE8-43F0-BFC7-3FCD7393D3BF}.Release|x64.Build.0 = Release|x64
		{BA4DBF79-1ABB-423B-9E1D-9233A57279C2}.Debug|Win32.ActiveCfg = Debug|Win32
		{BA4DBF79-1ABB-423B-9E1D-9233A57279C2}.Debug|Win32.Build.0 = Debug|Win32
		{BA4DBF79-1ABB-423B-9E1D-9233A57279C2}.Debug|x64.ActiveCfg = Debug|x64
		{BA4DBF79-1ABB-423B-9E1D-9233A57279C2}.Debug|x64.Build.0 = Debug|x64
		{BA4DBF79-1ABB-423B-9E1D-9233A57279C2}.Release|Win32.ActiveCfg = Release|Win32
		{BA4DBF79-1ABB-423B-9E1D-9233A57279C2}.Release|Win32.Build.0 = Release|Win32
		{BA4DBF79-1ABB-423B-9E1D-9233A57279C2}.Release|x64.ActiveCfg = Release|x64
		{BA4DBF79-1ABB-423B-9E1D-9233A57279C2}.Release|x64.Build.0 = Release|x64
		{00ABAE01-5040-4BB0-A3E5-03EACF768F6D}.Debug|Win32.ActiveCfg = Debug|Win32
		{00ABAE01-5040-4BB0-A3E5-03EACF768F6D}.Debug|Win32.Build.0 = Debug|Win32
		{00ABAE01-5040-4BB0-A3E5-03EACF768F6D}.Debug|x64.ActiveCfg = Debug|x64
		{00ABAE01-5040-4BB0-A3E5-03EACF768F6D}.Debug|x64.Build.0 = Debug|x64
		{00ABAE01-5040-4BB0-A3E5-03EACF768F6D}.Release|Win32.ActiveCfg = Release|Win32
		{00ABAE01-5040-4BB0-A3E5-03EACF768F6D}.Release|Win32.Build.0 = Release|Win32
		{00ABAE01-5040-4BB0-A3E5-03EACF768F6D}.Release|x64.ActiveCfg = Release|x64
		{00ABAE01-5040-4BB0-A3E5-03EACF768F6D}.Release|x64.Build.0 = Release|x64
		{D8742C31-15F3-4452-AF09-79F97277003A}.Debug|Win32.ActiveCfg = Debug|Win32
		{D8742C31-15F3-4452-AF09-79F97277003A}.Debug|Win32.Build.0 = Debug|Win32
		{D8742C31-15F3-4452-AF09-79F97277003A}.Debug|x64.ActiveCfg = Debug|x64
		{D8742C31-15F3-4452-AF09-79F97277003A}.Debug|x64.Build.0 = Debug|x64
		{D8742C31-15F3-4452-AF09-79F97277003A}.Release|Win32.ActiveCfg = Release|Win32
		{D8742C31-15F3-4452-AF09-79F97277003A}.Release|Win32.Build.0 = Release|Win32
		{D8742C31-15F3-4452-AF09-79F97277003A}.Release|x64.ActiveCfg = Release|x64
		{D8742C31-15F3-4452-AF09-79F97277003A}.Release|x64.Build.0 = Release|x64
		{C777953B-F65D-44AD-9226-0DFA5306D0F9}.Debug|Win32.ActiveCfg = Release|x86
		{C777953B-F65D-44AD-9226-0DFA5306D0F9}.Debug|x64.ActiveCfg = Release|x86
		{C777953B-F65D-44AD-9226-0DFA5306D0F9}.Release|Win32.ActiveCfg = Release|x86
		{C777953B-F65D-44AD-9226-0DFA5306D0F9}.Release|Win32.Build.0 = Release|x86
		{C777953B-F65D-44AD-9226-0DFA5306D0F9}.Release|x64.ActiveCfg = Release|x86
		{3B5E5201-C728-49BD-B48B-56900D0873AF}.Debug|Win32.ActiveCfg = Release|x86
		{3B5E5201-C728-49BD-B48B-56900D0873AF}.Debug|x64.ActiveCfg = Release|x86
		{3B5E5201-C728-49BD-B48B-56900D0873AF}.Release|Win32.ActiveCfg = Release|x86
		{3B5E5201-C728-49BD-B48B-56900D0873AF}.Release|Win32.Build.0 = Release|x86
		{3B5E5201-C728-49BD-B48B-56900D0873AF}.Release|x64.ActiveCfg = Release|x86
		{BBF93EFB-7B85-4445-AD11-DC81840329DE}.Debug|Win32.ActiveCfg = Release|x64
		{BBF93EFB-7B85-4445-AD11-DC81840329DE}.Debug|x64.ActiveCfg = Release|x64
		{BBF93EFB-7B85-4445-AD11-DC81840329DE}.Release|Win32.ActiveCfg = Release|x64
		{BBF93EFB-7B85-4445-AD11-DC81840329DE}.Release|x64.ActiveCfg = Release|x64
		{BBF93EFB-7B85-4445-AD11-DC81840329DE}.Release|x64.Build.0 = Release|x64
		{9E398FBD-7468-4BAE-B00A-FB3F380F28EC}.Debug|Win32.ActiveCfg = Release|x64
		{9E398FBD-7468-4BAE-B00A-FB3F380F28EC}.Debug|x64.ActiveCfg = Release|x64
		{9E398FBD-7468-4BAE-B00A-FB3F380F28EC}.Release|Win32.ActiveCfg = Release|x64
		{9E398FBD-7468-4BAE-B00A-FB3F380F28EC}.Release|x64.ActiveCfg = Release|x64
		{9E398FBD-7468-4BAE-B00A-FB3F380F28EC}.Release|x64.Build.0 = Release|x64
	EndGlobalSection
	GlobalSection(SolutionProperties) = preSolution
		HideSolutionNode = FALSE
	EndGlobalSection
EndGlobal
