<?xml version="1.0" encoding="utf-8"?>
<Project ToolsVersion="4.0" xmlns="http://schemas.microsoft.com/developer/msbuild/2003">
  <ItemGroup>
    <Filter Include="Source Files">
      <UniqueIdentifier>{4FC737F1-C7A5-4376-A066-2A32D752A2FF}</UniqueIdentifier>
      <Extensions>cpp;c;cc;cxx;def;odl;idl;hpj;bat;asm;asmx</Extensions>
    </Filter>
    <Filter Include="Header Files">
      <UniqueIdentifier>{93995380-89BD-4b04-88EB-625FBE52EBFB}</UniqueIdentifier>
      <Extensions>h;hpp;hxx;hm;inl;inc;xsd</Extensions>
    </Filter>
    <Filter Include="Resource Files">
      <UniqueIdentifier>{67DA6AB6-F800-4c08-8B7A-83BB121AAD01}</UniqueIdentifier>
      <Extensions>rc;ico;cur;bmp;dlg;rc2;rct;bin;rgs;gif;jpg;jpeg;jpe;resx;tiff;tif;png;wav;mfcribbon-ms</Extensions>
    </Filter>
  </ItemGroup>
  <ItemGroup>
    <ClInclude Include="font_link.h">
      <Filter>Header Files</Filter>
    </ClInclude>
    <ClInclude Include="font_man.h">
      <Filter>Header Files</Filter>
    </ClInclude>
    <ClInclude Include="ft.h">
      <Filter>Header Files</Filter>
    </ClInclude>
    <ClInclude Include="ft_renderer.h">
      <Filter>Header Files</Filter>
    </ClInclude>
    <ClInclude Include="gamma.h">
      <Filter>Header Files</Filter>
    </ClInclude>
    <ClInclude Include="gdi_text.h">
      <Filter>Header Files</Filter>
    </ClInclude>
    <ClInclude Include="gdimm.h">
      <Filter>Header Files</Filter>
    </ClInclude>
    <ClInclude Include="ggo_renderer.h">
      <Filter>Header Files</Filter>
    </ClInclude>
    <ClInclude Include="glyph_cache.h">
      <Filter>Header Files</Filter>
    </ClInclude>
    <ClInclude Include="hook.h">
      <Filter>Header Files</Filter>
    </ClInclude>
    <ClInclude Include="lock.h">
      <Filter>Header Files</Filter>
    </ClInclude>
    <ClInclude Include="setting_cache.h">
      <Filter>Header Files</Filter>
    </ClInclude>
    <ClInclude Include="stdafx.h">
      <Filter>Header Files</Filter>
    </ClInclude>
    <ClInclude Include="targetver.h">
      <Filter>Header Files</Filter>
    </ClInclude>
    <ClInclude Include="text.h">
      <Filter>Header Files</Filter>
    </ClInclude>
    <ClInclude Include="text_helper.h">
      <Filter>Header Files</Filter>
    </ClInclude>
    <ClInclude Include="d2d_text.h">
      <Filter>Header Files</Filter>
    </ClInclude>
    <ClInclude Include="dw_text.h">
      <Filter>Header Files</Filter>
    </ClInclude>
    <ClInclude Include="dw_renderer.h">
      <Filter>Header Files</Filter>
    </ClInclude>
  </ItemGroup>
  <ItemGroup>
    <ClCompile Include="font_link.cpp">
      <Filter>Source Files</Filter>
    </ClCompile>
    <ClCompile Include="font_man.cpp">
      <Filter>Source Files</Filter>
    </ClCompile>
    <ClCompile Include="ft.cpp">
      <Filter>Source Files</Filter>
    </ClCompile>
    <ClCompile Include="ft_renderer.cpp">
      <Filter>Source Files</Filter>
    </ClCompile>
    <ClCompile Include="gamma.cpp">
      <Filter>Source Files</Filter>
    </ClCompile>
    <ClCompile Include="gdi_text.cpp">
      <Filter>Source Files</Filter>
    </ClCompile>
    <ClCompile Include="gdimm.cpp">
      <Filter>Source Files</Filter>
    </ClCompile>
    <ClCompile Include="ggo_renderer.cpp">
      <Filter>Source Files</Filter>
    </ClCompile>
    <ClCompile Include="glyph_cache.cpp">
      <Filter>Source Files</Filter>
    </ClCompile>
    <ClCompile Include="hook.cpp">
      <Filter>Source Files</Filter>
    </ClCompile>
    <ClCompile Include="lock.cpp">
      <Filter>Source Files</Filter>
    </ClCompile>
    <ClCompile Include="setting_cache.cpp">
      <Filter>Source Files</Filter>
    </ClCompile>
    <ClCompile Include="stdafx.cpp">
      <Filter>Source Files</Filter>
    </ClCompile>
    <ClCompile Include="text.cpp">
      <Filter>Source Files</Filter>
    </ClCompile>
    <ClCompile Include="text_helper.cpp">
      <Filter>Source Files</Filter>
    </ClCompile>
    <ClCompile Include="d2d_text.cpp">
      <Filter>Source Files</Filter>
    </ClCompile>
    <ClCompile Include="dw_text.cpp">
      <Filter>Source Files</Filter>
    </ClCompile>
    <ClCompile Include="dw_renderer.cpp">
      <Filter>Source Files</Filter>
    </ClCompile>
  </ItemGroup>
  <ItemGroup>
    <ResourceCompile Include="gdimm.rc">
      <Filter>Resource Files</Filter>
    </ResourceCompile>
  </ItemGroup>
</Project>