<?xml version="1.0" encoding="utf-8"?>
<Project ToolsVersion="4.0" xmlns="http://schemas.microsoft.com/developer/msbuild/2003">
  <ItemGroup>
    <Filter Include="Source Files">
      <UniqueIdentifier>{4FC737F1-C7A5-4376-A066-2A32D752A2FF}</UniqueIdentifier>
      <Extensions>cpp;c;cc;cxx;def;odl;idl;hpj;bat;asm;asmx</Extensions>
    </Filter>
    <Filter Include="Header Files">
      <UniqueIdentifier>{93995380-89BD-4b04-88EB-625FBE52EBFB}</UniqueIdentifier>
      <Extensions>h;hpp;hxx;hm;inl;inc;xsd</Extensions>
    </Filter>
    <Filter Include="Resource Files">
      <UniqueIdentifier>{67DA6AB6-F800-4c08-8B7A-83BB121AAD01}</UniqueIdentifier>
      <Extensions>rc;ico;cur;bmp;dlg;rc2;rct;bin;rgs;gif;jpg;jpeg;jpe;resx;tiff;tif;png;wav;mfcribbon-ms</Extensions>
    </Filter>
    <Filter Include="Source Files\renderer">
      <UniqueIdentifier>{25043f3c-dc5f-4f62-859e-1f1b17622aa6}</UniqueIdentifier>
    </Filter>
    <Filter Include="Source Files\painter">
      <UniqueIdentifier>{3bea8905-9249-4615-a6b1-9aae61b377bc}</UniqueIdentifier>
    </Filter>
    <Filter Include="Header Files\painter">
      <UniqueIdentifier>{7c2b21e2-c16a-43b4-8a3f-f5541946fe35}</UniqueIdentifier>
    </Filter>
    <Filter Include="Header Files\renderer">
      <UniqueIdentifier>{8078a327-37b9-4572-9d1c-5eeca5a8a8fc}</UniqueIdentifier>
    </Filter>
    <Filter Include="Header Files\cache">
      <UniqueIdentifier>{ef360288-5172-4e7b-9116-aa3559b6e10b}</UniqueIdentifier>
    </Filter>
    <Filter Include="Source Files\cache">
      <UniqueIdentifier>{b4493d26-50f5-435c-a94f-8157e25e3256}</UniqueIdentifier>
    </Filter>
    <Filter Include="Header Files\font">
      <UniqueIdentifier>{82881e7b-ef55-4652-8940-b8af7e7c7e2b}</UniqueIdentifier>
    </Filter>
    <Filter Include="Source Files\font">
      <UniqueIdentifier>{5a8910fc-ab63-4889-80e3-3814b3796b68}</UniqueIdentifier>
    </Filter>
    <Filter Include="Header Files\hash">
      <UniqueIdentifier>{2d5c9696-ce8b-474c-a325-afef78c374fa}</UniqueIdentifier>
    </Filter>
    <Filter Include="Source Files\hash">
      <UniqueIdentifier>{6900645c-bb1c-4575-989b-38ff76feec12}</UniqueIdentifier>
    </Filter>
  </ItemGroup>
  <ItemGroup>
    <ClInclude Include="gamma.h">
      <Filter>Header Files</Filter>
    </ClInclude>
    <ClInclude Include="gdimm.h">
      <Filter>Header Files</Filter>
    </ClInclude>
    <ClInclude Include="hook.h">
      <Filter>Header Files</Filter>
    </ClInclude>
    <ClInclude Include="lock.h">
      <Filter>Header Files</Filter>
    </ClInclude>
    <ClInclude Include="stdafx.h">
      <Filter>Header Files</Filter>
    </ClInclude>
    <ClInclude Include="os2_metrics.h">
      <Filter>Header Files</Filter>
    </ClInclude>
    <ClInclude Include="wic_dib.h">
      <Filter>Header Files\painter</Filter>
    </ClInclude>
    <ClInclude Include="dw_renderer.h">
      <Filter>Header Files\renderer</Filter>
    </ClInclude>
    <ClInclude Include="ft_renderer.h">
      <Filter>Header Files\renderer</Filter>
    </ClInclude>
    <ClInclude Include="ggo_renderer.h">
      <Filter>Header Files\renderer</Filter>
    </ClInclude>
    <ClInclude Include="renderer.h">
      <Filter>Header Files\renderer</Filter>
    </ClInclude>
    <ClInclude Include="gdi_painter.h">
      <Filter>Header Files\painter</Filter>
    </ClInclude>
    <ClInclude Include="wic_painter.h">
      <Filter>Header Files\painter</Filter>
    </ClInclude>
    <ClInclude Include="freetype.h">
      <Filter>Header Files</Filter>
    </ClInclude>
    <ClInclude Include="glyph_cache.h">
      <Filter>Header Files\cache</Filter>
    </ClInclude>
    <ClInclude Include="setting_cache.h">
      <Filter>Header Files\cache</Filter>
    </ClInclude>
    <ClInclude Include="helper_def.h">
      <Filter>Header Files</Filter>
    </ClInclude>
    <ClInclude Include="helper_func.h">
      <Filter>Header Files</Filter>
    </ClInclude>
    <ClInclude Include="lru.h">
      <Filter>Header Files\cache</Filter>
    </ClInclude>
    <ClInclude Include="painter.h">
      <Filter>Header Files\painter</Filter>
    </ClInclude>
    <ClInclude Include="font_link.h">
      <Filter>Header Files\font</Filter>
    </ClInclude>
    <ClInclude Include="font_store.h">
      <Filter>Header Files\font</Filter>
    </ClInclude>
    <ClInclude Include="font_man.h">
      <Filter>Header Files\font</Filter>
    </ClInclude>
    <ClInclude Include="obj_reg.h">
      <Filter>Header Files</Filter>
    </ClInclude>
    <ClInclude Include="type_enum.h">
      <Filter>Header Files</Filter>
    </ClInclude>
    <ClInclude Include="wic_renderer.h">
      <Filter>Header Files\renderer</Filter>
    </ClInclude>
    <ClInclude Include="api_override.h">
      <Filter>Header Files</Filter>
    </ClInclude>
    <ClInclude Include="com_override.h">
      <Filter>Header Files</Filter>
    </ClInclude>
    <ClInclude Include="MurmurHash2_64.h">
      <Filter>Header Files\hash</Filter>
    </ClInclude>
    <ClInclude Include="MurmurHash2.h">
      <Filter>Header Files\hash</Filter>
    </ClInclude>
  </ItemGroup>
  <ItemGroup>
    <ClCompile Include="gamma.cpp">
      <Filter>Source Files</Filter>
    </ClCompile>
    <ClCompile Include="gdimm.cpp">
      <Filter>Source Files</Filter>
    </ClCompile>
    <ClCompile Include="lock.cpp">
      <Filter>Source Files</Filter>
    </ClCompile>
    <ClCompile Include="stdafx.cpp">
      <Filter>Source Files</Filter>
    </ClCompile>
    <ClCompile Include="os2_metrics.cpp">
      <Filter>Source Files</Filter>
    </ClCompile>
    <ClCompile Include="freetype.cpp">
      <Filter>Source Files</Filter>
    </ClCompile>
    <ClCompile Include="setting_cache.cpp">
      <Filter>Source Files\cache</Filter>
    </ClCompile>
    <ClCompile Include="helper_def.cpp">
      <Filter>Source Files</Filter>
    </ClCompile>
    <ClCompile Include="helper_func.cpp">
      <Filter>Source Files</Filter>
    </ClCompile>
    <ClCompile Include="painter.cpp">
      <Filter>Source Files\painter</Filter>
    </ClCompile>
    <ClCompile Include="gdi_painter.cpp">
      <Filter>Source Files\painter</Filter>
    </ClCompile>
    <ClCompile Include="hook.cpp">
      <Filter>Source Files</Filter>
    </ClCompile>
    <ClCompile Include="font_store.cpp">
      <Filter>Source Files\font</Filter>
    </ClCompile>
    <ClCompile Include="font_link.cpp">
      <Filter>Source Files\font</Filter>
    </ClCompile>
    <ClCompile Include="font_man.cpp">
      <Filter>Source Files\font</Filter>
    </ClCompile>
    <ClCompile Include="glyph_cache.cpp">
      <Filter>Source Files\cache</Filter>
    </ClCompile>
    <ClCompile Include="renderer.cpp">
      <Filter>Source Files\renderer</Filter>
    </ClCompile>
    <ClCompile Include="ft_renderer.cpp">
      <Filter>Source Files\renderer</Filter>
    </ClCompile>
    <ClCompile Include="obj_reg.cpp">
      <Filter>Source Files</Filter>
    </ClCompile>
    <ClCompile Include="wic_dib.cpp">
      <Filter>Source Files\painter</Filter>
    </ClCompile>
    <ClCompile Include="wic_painter.cpp">
      <Filter>Source Files\painter</Filter>
    </ClCompile>
    <ClCompile Include="wic_renderer.cpp">
      <Filter>Source Files\renderer</Filter>
    </ClCompile>
    <ClCompile Include="dw_renderer.cpp">
      <Filter>Source Files\renderer</Filter>
    </ClCompile>
    <ClCompile Include="ggo_renderer.cpp">
      <Filter>Source Files\renderer</Filter>
    </ClCompile>
    <ClCompile Include="com_override.cpp">
      <Filter>Source Files</Filter>
    </ClCompile>
    <ClCompile Include="api_override.cpp">
      <Filter>Source Files</Filter>
    </ClCompile>
    <ClCompile Include="MurmurHash2_64.cpp">
      <Filter>Source Files\hash</Filter>
    </ClCompile>
    <ClCompile Include="MurmurHash2.cpp">
      <Filter>Source Files\hash</Filter>
    </ClCompile>
  </ItemGroup>
  <ItemGroup>
    <ResourceCompile Include="gdimm.rc">
      <Filter>Resource Files</Filter>
    </ResourceCompile>
  </ItemGroup>
</Project>